PODS:
  - app_links (0.0.1):
    - Flutter
  - background_location (0.0.1):
    - Flutter
  - connectivity_plus (0.0.1):
    - Flutter
    - Reachability
  - device_info_plus (0.0.1):
    - Flutter
  - Firebase/CoreOnly (10.24.0):
    - FirebaseCore (= 10.24.0)
  - Firebase/Messaging (10.24.0):
    - Firebase/CoreOnly
    - FirebaseMessaging (~> 10.24.0)
  - firebase_core (2.30.0):
    - Firebase/CoreOnly (= 10.24.0)
    - Flutter
  - firebase_messaging (14.8.2):
    - Firebase/Messaging (= 10.24.0)
    - firebase_core
    - Flutter
  - FirebaseCore (10.24.0):
    - FirebaseCoreInternal (~> 10.0)
    - GoogleUtilities/Environment (~> 7.12)
    - GoogleUtilities/Logger (~> 7.12)
  - FirebaseCoreInternal (10.24.0):
    - "GoogleUtilities/NSData+zlib (~> 7.8)"
  - FirebaseInstallations (10.24.0):
    - FirebaseCore (~> 10.0)
    - GoogleUtilities/Environment (~> 7.8)
    - GoogleUtilities/UserDefaults (~> 7.8)
    - PromisesObjC (~> 2.1)
  - FirebaseMessaging (10.24.0):
    - FirebaseCore (~> 10.0)
    - FirebaseInstallations (~> 10.0)
    - GoogleDataTransport (~> 9.3)
    - GoogleUtilities/AppDelegateSwizzler (~> 7.8)
    - GoogleUtilities/Environment (~> 7.8)
    - GoogleUtilities/Reachability (~> 7.8)
    - GoogleUtilities/UserDefaults (~> 7.8)
    - nanopb (< 2.30911.0, >= 2.30908.0)
  - Flutter (1.0.0)
  - flutter_background_service_ios (0.0.3):
    - Flutter
  - flutter_inappwebview_ios (0.0.1):
    - Flutter
    - flutter_inappwebview_ios/Core (= 0.0.1)
    - OrderedSet (~> 5.0)
  - flutter_inappwebview_ios/Core (0.0.1):
    - Flutter
    - OrderedSet (~> 5.0)
  - flutter_local_notifications (0.0.1):
    - Flutter
  - flutter_udid (0.0.1):
    - Flutter
    - SAMKeychain
  - fluttertoast (0.0.2):
    - Flutter
    - Toast
  - geocoding_ios (1.0.5):
    - Flutter
  - geolocator_apple (1.2.0):
    - Flutter
  - GoogleDataTransport (9.4.1):
    - GoogleUtilities/Environment (~> 7.7)
    - nanopb (< 2.30911.0, >= 2.30908.0)
    - PromisesObjC (< 3.0, >= 1.2)
  - GoogleUtilities/AppDelegateSwizzler (7.13.0):
    - GoogleUtilities/Environment
    - GoogleUtilities/Logger
    - GoogleUtilities/Network
    - GoogleUtilities/Privacy
  - GoogleUtilities/Environment (7.13.0):
    - GoogleUtilities/Privacy
    - PromisesObjC (< 3.0, >= 1.2)
  - GoogleUtilities/Logger (7.13.0):
    - GoogleUtilities/Environment
    - GoogleUtilities/Privacy
  - GoogleUtilities/Network (7.13.0):
    - GoogleUtilities/Logger
    - "GoogleUtilities/NSData+zlib"
    - GoogleUtilities/Privacy
    - GoogleUtilities/Reachability
  - "GoogleUtilities/NSData+zlib (7.13.0)":
    - GoogleUtilities/Privacy
  - GoogleUtilities/Privacy (7.13.0)
  - GoogleUtilities/Reachability (7.13.0):
    - GoogleUtilities/Logger
    - GoogleUtilities/Privacy
  - GoogleUtilities/UserDefaults (7.13.0):
    - GoogleUtilities/Logger
    - GoogleUtilities/Privacy
  - nanopb (2.30910.0):
    - nanopb/decode (= 2.30910.0)
    - nanopb/encode (= 2.30910.0)
  - nanopb/decode (2.30910.0)
  - nanopb/encode (2.30910.0)
  - OrderedSet (5.0.0)
  - path_provider_foundation (0.0.1):
    - Flutter
    - FlutterMacOS
  - permission_handler_apple (9.3.0):
    - Flutter
  - PromisesObjC (2.4.0)
  - Reachability (3.7.5)
  - SAMKeychain (1.5.3)
  - shared_preferences_foundation (0.0.1):
    - Flutter
    - FlutterMacOS
  - Toast (4.1.0)

DEPENDENCIES:
  - app_links (from `.symlinks/plugins/app_links/ios`)
  - background_location (from `.symlinks/plugins/background_location/ios`)
  - connectivity_plus (from `.symlinks/plugins/connectivity_plus/ios`)
  - device_info_plus (from `.symlinks/plugins/device_info_plus/ios`)
  - firebase_core (from `.symlinks/plugins/firebase_core/ios`)
  - firebase_messaging (from `.symlinks/plugins/firebase_messaging/ios`)
  - Flutter (from `Flutter`)
  - flutter_background_service_ios (from `.symlinks/plugins/flutter_background_service_ios/ios`)
  - flutter_inappwebview_ios (from `.symlinks/plugins/flutter_inappwebview_ios/ios`)
  - flutter_local_notifications (from `.symlinks/plugins/flutter_local_notifications/ios`)
  - flutter_udid (from `.symlinks/plugins/flutter_udid/ios`)
  - fluttertoast (from `.symlinks/plugins/fluttertoast/ios`)
  - geocoding_ios (from `.symlinks/plugins/geocoding_ios/ios`)
  - geolocator_apple (from `.symlinks/plugins/geolocator_apple/ios`)
  - path_provider_foundation (from `.symlinks/plugins/path_provider_foundation/darwin`)
  - permission_handler_apple (from `.symlinks/plugins/permission_handler_apple/ios`)
  - shared_preferences_foundation (from `.symlinks/plugins/shared_preferences_foundation/darwin`)

SPEC REPOS:
  trunk:
    - Firebase
    - FirebaseCore
    - FirebaseCoreInternal
    - FirebaseInstallations
    - FirebaseMessaging
    - GoogleDataTransport
    - GoogleUtilities
    - nanopb
    - OrderedSet
    - PromisesObjC
    - Reachability
    - SAMKeychain
    - Toast

EXTERNAL SOURCES:
  app_links:
    :path: ".symlinks/plugins/app_links/ios"
  background_location:
    :path: ".symlinks/plugins/background_location/ios"
  connectivity_plus:
    :path: ".symlinks/plugins/connectivity_plus/ios"
  device_info_plus:
    :path: ".symlinks/plugins/device_info_plus/ios"
  firebase_core:
    :path: ".symlinks/plugins/firebase_core/ios"
  firebase_messaging:
    :path: ".symlinks/plugins/firebase_messaging/ios"
  Flutter:
    :path: Flutter
  flutter_background_service_ios:
    :path: ".symlinks/plugins/flutter_background_service_ios/ios"
  flutter_inappwebview_ios:
    :path: ".symlinks/plugins/flutter_inappwebview_ios/ios"
  flutter_local_notifications:
    :path: ".symlinks/plugins/flutter_local_notifications/ios"
  flutter_udid:
    :path: ".symlinks/plugins/flutter_udid/ios"
  fluttertoast:
    :path: ".symlinks/plugins/fluttertoast/ios"
  geocoding_ios:
    :path: ".symlinks/plugins/geocoding_ios/ios"
  geolocator_apple:
    :path: ".symlinks/plugins/geolocator_apple/ios"
  path_provider_foundation:
    :path: ".symlinks/plugins/path_provider_foundation/darwin"
  permission_handler_apple:
    :path: ".symlinks/plugins/permission_handler_apple/ios"
  shared_preferences_foundation:
    :path: ".symlinks/plugins/shared_preferences_foundation/darwin"

SPEC CHECKSUMS:
  app_links: e70ca16b4b0f88253b3b3660200d4a10b4ea9795
  background_location: 1b80c1fe3abd9912bca298618f6e365abf6f588f
  connectivity_plus: 5f0eb61093bec56935f21a1699dd2758bc895587
  device_info_plus: e5c5da33f982a436e103237c0c85f9031142abed
  Firebase: 91fefd38712feb9186ea8996af6cbdef41473442
  firebase_core: 66b99b4fb4e5d7cc4e88d4c195fe986681f3466a
  firebase_messaging: c836cceaddf52552da6f6e8963fb21d1d1a0f0cf
  FirebaseCore: 11dc8a16dfb7c5e3c3f45ba0e191a33ac4f50894
  FirebaseCoreInternal: bcb5acffd4ea05e12a783ecf835f2210ce3dc6af
  FirebaseInstallations: 8f581fca6478a50705d2bd2abd66d306e0f5736e
  FirebaseMessaging: 4d52717dd820707cc4eadec5eb981b4832ec8d5d
  Flutter: e0871f40cf51350855a761d2e70bf5af5b9b5de7
  flutter_background_service_ios: e30e0d3ee69e4cee66272d0c78eacd48c2e94aac
  flutter_inappwebview_ios: 97215cf7d4677db55df76782dbd2930c5e1c1ea0
  flutter_local_notifications: 0c0b1ae97e741e1521e4c1629a459d04b9aec743
  flutter_udid: a2482c67a61b9c806ef59dd82ed8d007f1b7ac04
  fluttertoast: 9f2f8e81bb5ce18facb9748d7855bf5a756fe3db
  geocoding_ios: a389ea40f6f548de6e63006a2e31bf66ff80769a
  geolocator_apple: 6cbaf322953988e009e5ecb481f07efece75c450
  GoogleDataTransport: 6c09b596d841063d76d4288cc2d2f42cc36e1e2a
  GoogleUtilities: d053d902a8edaa9904e1bd00c37535385b8ed152
  nanopb: 438bc412db1928dac798aa6fd75726007be04262
  OrderedSet: aaeb196f7fef5a9edf55d89760da9176ad40b93c
  path_provider_foundation: 3784922295ac71e43754bd15e0653ccfd36a147c
  permission_handler_apple: 9878588469a2b0d0fc1e048d9f43605f92e6cec2
  PromisesObjC: f5707f49cb48b9636751c5b2e7d227e43fba9f47
  Reachability: 44d15955cdaee6cef699877e1f6647dd6f6698cc
  SAMKeychain: 483e1c9f32984d50ca961e26818a534283b4cd5c
  shared_preferences_foundation: b4c3b4cddf1c21f02770737f147a3f5da9d39695
  Toast: ec33c32b8688982cecc6348adeae667c1b9938da

PODFILE CHECKSUM: 8c3b68fec27752628735a304d9729d636b26ea7e

COCOAPODS: 1.15.2
